
Microsoft Visual Studio Solution File, Format Version 12.00
# Visual Studio Version 17
VisualStudioVersion = 17.11.35208.52
MinimumVisualStudioVersion = 10.0.40219.1
Project("{FAE04EC0-301F-11D3-BF4B-00C04F79EFBC}") = "Entity Framework Core Fundies", "Entity Framework Core Fundies.csproj", "{5B8B6992-7ACA-43DC-98EA-EF3ECA5DD850}"
EndProject
Global
	GlobalSection(SolutionConfigurationPlatforms) = preSolution
		Debug|Any CPU = Debug|Any CPU
		Release|Any CPU = Release|Any CPU
	EndGlobalSection
	GlobalSection(ProjectConfigurationPlatforms) = postSolution
		{5B8B6992-7ACA-43DC-98EA-EF3ECA5DD850}.Debug|Any CPU.ActiveCfg = Debug|Any CPU
		{5B8B6992-7ACA-43DC-98EA-EF3ECA5DD850}.Debug|Any CPU.Build.0 = Debug|Any CPU
		{5B8B6992-7ACA-43DC-98EA-EF3ECA5DD850}.Release|Any CPU.ActiveCfg = Release|Any CPU
		{5B8B6992-7ACA-43DC-98EA-EF3ECA5DD850}.Release|Any CPU.Build.0 = Release|Any CPU
	EndGlobalSection
	GlobalSection(SolutionProperties) = preSolution
		HideSolutionNode = FALSE
	EndGlobalSection
	GlobalSection(ExtensibilityGlobals) = postSolution
		SolutionGuid = {7965DBBF-024C-417C-B42F-CD426200BA10}
	EndGlobalSection
EndGlobal
